
Microsoft Visual Studio Solution File, Format Version 12.00
# Visual Studio Version 17
VisualStudioVersion = 17.7.34024.191
MinimumVisualStudioVersion = 10.0.40219.1
Project("{FAE04EC0-301F-11D3-BF4B-00C04F79EFBC}") = "OOP_lab", "OOP_lab\OOP_lab.csproj", "{7CF080EB-B4E0-48A0-90E9-5030A6378FB6}"
EndProject
Global
	GlobalSection(SolutionConfigurationPlatforms) = preSolution
		Debug|Any CPU = Debug|Any CPU
		Release|Any CPU = Release|Any CPU
	EndGlobalSection
	GlobalSection(ProjectConfigurationPlatforms) = postSolution
		{7CF080EB-B4E0-48A0-90E9-5030A6378FB6}.Debug|Any CPU.ActiveCfg = Debug|Any CPU
		{7CF080EB-B4E0-48A0-90E9-5030A6378FB6}.Debug|Any CPU.Build.0 = Debug|Any CPU
		{7CF080EB-B4E0-48A0-90E9-5030A6378FB6}.Release|Any CPU.ActiveCfg = Release|Any CPU
		{7CF080EB-B4E0-48A0-90E9-5030A6378FB6}.Release|Any CPU.Build.0 = Release|Any CPU
	EndGlobalSection
	GlobalSection(SolutionProperties) = preSolution
		HideSolutionNode = FALSE
	EndGlobalSection
	GlobalSection(ExtensibilityGlobals) = postSolution
		SolutionGuid = {54E7AEAB-FFDA-4587-B4B1-B77C98E9AFB3}
	EndGlobalSection
EndGlobal
